// !$*UTF8*$!
{
	archiveVersion = 1;
	classes = {
	};
	objectVersion = 51;
	objects = {

/* Begin PBXBuildFile section */
		4B35C17026609A6800B700A3 /* AppDelegate.swift in Sources */ = {isa = PBXBuildFile; fileRef = 4B35C16F26609A6700B700A3 /* AppDelegate.swift */; };
		4B35C17226609A6800B700A3 /* SceneDelegate.swift in Sources */ = {isa = PBXBuildFile; fileRef = 4B35C17126609A6800B700A3 /* SceneDelegate.swift */; };
		4B35C17426609A6800B700A3 /* ViewController.swift in Sources */ = {isa = PBXBuildFile; fileRef = 4B35C17326609A6800B700A3 /* ViewController.swift */; };
		4B35C17926609A9200B700A3 /* Assets.xcassets in Resources */ = {isa = PBXBuildFile; fileRef = 4B35C17826609A9200B700A3 /* Assets.xcassets */; };
		4B35C17C26609A9200B700A3 /* LaunchScreen.storyboard in Resources */ = {isa = PBXBuildFile; fileRef = 4B35C17A26609A9200B700A3 /* LaunchScreen.storyboard */; };
		4B35C18726609A9400B700A3 /* swiftLearnTests.swift in Sources */ = {isa = PBXBuildFile; fileRef = 4B35C18626609A9400B700A3 /* swiftLearnTests.swift */; };
		4B35C19226609A9400B700A3 /* swiftLearnUITests.swift in Sources */ = {isa = PBXBuildFile; fileRef = 4B35C19126609A9400B700A3 /* swiftLearnUITests.swift */; };
		4BC134F3267AE51A001E27D3 /* BaseViewController.swift in Sources */ = {isa = PBXBuildFile; fileRef = 4BC134F2267AE51A001E27D3 /* BaseViewController.swift */; };
		4BC13503267AE59D001E27D3 /* SLTabBarViewController.swift in Sources */ = {isa = PBXBuildFile; fileRef = 4BC13502267AE59D001E27D3 /* SLTabBarViewController.swift */; };
		4BC13508267AED98001E27D3 /* MineViewController.swift in Sources */ = {isa = PBXBuildFile; fileRef = 4BC13507267AED98001E27D3 /* MineViewController.swift */; };
		4BC1350D267AEE16001E27D3 /* DiscoverViewController.swift in Sources */ = {isa = PBXBuildFile; fileRef = 4BC1350C267AEE16001E27D3 /* DiscoverViewController.swift */; };
		4BC13515267AEE25001E27D3 /* HomeViewController.swift in Sources */ = {isa = PBXBuildFile; fileRef = 4BC13514267AEE25001E27D3 /* HomeViewController.swift */; };
		4BC1351A267AF753001E27D3 /* BannerView.swift in Sources */ = {isa = PBXBuildFile; fileRef = 4BC13519267AF753001E27D3 /* BannerView.swift */; };
		4BC13520267C38BC001E27D3 /* RequestManage.swift in Sources */ = {isa = PBXBuildFile; fileRef = 4BC1351F267C38BC001E27D3 /* RequestManage.swift */; };
		9166D4CA1BA22CCB6E6DE551 /* Pods_swiftLearn.framework in Frameworks */ = {isa = PBXBuildFile; fileRef = F0F20F7CFA4ADD786E96D843 /* Pods_swiftLearn.framework */; };
		A311AECEA559D4C6B27EE48F /* Pods_swiftLearn_swiftLearnUITests.framework in Frameworks */ = {isa = PBXBuildFile; fileRef = ECB5A65C1721E0364FD7DB16 /* Pods_swiftLearn_swiftLearnUITests.framework */; };
		FAF6121AFB85510E1F82596F /* Pods_swiftLearnTests.framework in Frameworks */ = {isa = PBXBuildFile; fileRef = 247ACE8C664C5645B6B921D4 /* Pods_swiftLearnTests.framework */; };
/* End PBXBuildFile section */

/* Begin PBXContainerItemProxy section */
		4B35C18326609A9300B700A3 /* PBXContainerItemProxy */ = {
			isa = PBXContainerItemProxy;
			containerPortal = 4B35C16426609A6500B700A3 /* Project object */;
			proxyType = 1;
			remoteGlobalIDString = 4B35C16B26609A6600B700A3;
			remoteInfo = swiftLearn;
		};
		4B35C18E26609A9400B700A3 /* PBXContainerItemProxy */ = {
			isa = PBXContainerItemProxy;
			containerPortal = 4B35C16426609A6500B700A3 /* Project object */;
			proxyType = 1;
			remoteGlobalIDString = 4B35C16B26609A6600B700A3;
			remoteInfo = swiftLearn;
		};
/* End PBXContainerItemProxy section */

/* Begin PBXFileReference section */
		03A49E551A74AD239C64B305 /* Pods-swiftLearn.debug.xcconfig */ = {isa = PBXFileReference; includeInIndex = 1; lastKnownFileType = text.xcconfig; name = "Pods-swiftLearn.debug.xcconfig"; path = "Target Support Files/Pods-swiftLearn/Pods-swiftLearn.debug.xcconfig"; sourceTree = "<group>"; };
		1BC86848EC4D8CFD01AAF9B6 /* Pods-swiftLearn-swiftLearnUITests.release.xcconfig */ = {isa = PBXFileReference; includeInIndex = 1; lastKnownFileType = text.xcconfig; name = "Pods-swiftLearn-swiftLearnUITests.release.xcconfig"; path = "Target Support Files/Pods-swiftLearn-swiftLearnUITests/Pods-swiftLearn-swiftLearnUITests.release.xcconfig"; sourceTree = "<group>"; };
		247ACE8C664C5645B6B921D4 /* Pods_swiftLearnTests.framework */ = {isa = PBXFileReference; explicitFileType = wrapper.framework; includeInIndex = 0; path = Pods_swiftLearnTests.framework; sourceTree = BUILT_PRODUCTS_DIR; };
		439CAD5FC2DF95452B550689 /* Pods-swiftLearnTests.release.xcconfig */ = {isa = PBXFileReference; includeInIndex = 1; lastKnownFileType = text.xcconfig; name = "Pods-swiftLearnTests.release.xcconfig"; path = "Target Support Files/Pods-swiftLearnTests/Pods-swiftLearnTests.release.xcconfig"; sourceTree = "<group>"; };
		4B35C16C26609A6600B700A3 /* swiftLearn.app */ = {isa = PBXFileReference; explicitFileType = wrapper.application; includeInIndex = 0; path = swiftLearn.app; sourceTree = BUILT_PRODUCTS_DIR; };
		4B35C16F26609A6700B700A3 /* AppDelegate.swift */ = {isa = PBXFileReference; lastKnownFileType = sourcecode.swift; path = AppDelegate.swift; sourceTree = "<group>"; };
		4B35C17126609A6800B700A3 /* SceneDelegate.swift */ = {isa = PBXFileReference; lastKnownFileType = sourcecode.swift; path = SceneDelegate.swift; sourceTree = "<group>"; };
		4B35C17326609A6800B700A3 /* ViewController.swift */ = {isa = PBXFileReference; lastKnownFileType = sourcecode.swift; path = ViewController.swift; sourceTree = "<group>"; };
		4B35C17826609A9200B700A3 /* Assets.xcassets */ = {isa = PBXFileReference; lastKnownFileType = folder.assetcatalog; path = Assets.xcassets; sourceTree = "<group>"; };
		4B35C17B26609A9200B700A3 /* Base */ = {isa = PBXFileReference; lastKnownFileType = file.storyboard; name = Base; path = Base.lproj/LaunchScreen.storyboard; sourceTree = "<group>"; };
		4B35C17D26609A9200B700A3 /* Info.plist */ = {isa = PBXFileReference; lastKnownFileType = text.plist.xml; path = Info.plist; sourceTree = "<group>"; };
		4B35C18226609A9300B700A3 /* swiftLearnTests.xctest */ = {isa = PBXFileReference; explicitFileType = wrapper.cfbundle; includeInIndex = 0; path = swiftLearnTests.xctest; sourceTree = BUILT_PRODUCTS_DIR; };
		4B35C18626609A9400B700A3 /* swiftLearnTests.swift */ = {isa = PBXFileReference; lastKnownFileType = sourcecode.swift; path = swiftLearnTests.swift; sourceTree = "<group>"; };
		4B35C18826609A9400B700A3 /* Info.plist */ = {isa = PBXFileReference; lastKnownFileType = text.plist.xml; path = Info.plist; sourceTree = "<group>"; };
		4B35C18D26609A9400B700A3 /* swiftLearnUITests.xctest */ = {isa = PBXFileReference; explicitFileType = wrapper.cfbundle; includeInIndex = 0; path = swiftLearnUITests.xctest; sourceTree = BUILT_PRODUCTS_DIR; };
		4B35C19126609A9400B700A3 /* swiftLearnUITests.swift */ = {isa = PBXFileReference; lastKnownFileType = sourcecode.swift; path = swiftLearnUITests.swift; sourceTree = "<group>"; };
		4B35C19326609A9400B700A3 /* Info.plist */ = {isa = PBXFileReference; lastKnownFileType = text.plist.xml; path = Info.plist; sourceTree = "<group>"; };
		4BC134F2267AE51A001E27D3 /* BaseViewController.swift */ = {isa = PBXFileReference; lastKnownFileType = sourcecode.swift; path = BaseViewController.swift; sourceTree = "<group>"; };
		4BC13502267AE59D001E27D3 /* SLTabBarViewController.swift */ = {isa = PBXFileReference; lastKnownFileType = sourcecode.swift; path = SLTabBarViewController.swift; sourceTree = "<group>"; };
		4BC13507267AED98001E27D3 /* MineViewController.swift */ = {isa = PBXFileReference; lastKnownFileType = sourcecode.swift; path = MineViewController.swift; sourceTree = "<group>"; };
		4BC1350C267AEE16001E27D3 /* DiscoverViewController.swift */ = {isa = PBXFileReference; lastKnownFileType = sourcecode.swift; path = DiscoverViewController.swift; sourceTree = "<group>"; };
		4BC13514267AEE25001E27D3 /* HomeViewController.swift */ = {isa = PBXFileReference; lastKnownFileType = sourcecode.swift; path = HomeViewController.swift; sourceTree = "<group>"; };
		4BC13519267AF753001E27D3 /* BannerView.swift */ = {isa = PBXFileReference; lastKnownFileType = sourcecode.swift; path = BannerView.swift; sourceTree = "<group>"; };
		4BC1351F267C38BC001E27D3 /* RequestManage.swift */ = {isa = PBXFileReference; lastKnownFileType = sourcecode.swift; path = RequestManage.swift; sourceTree = "<group>"; };
		56037E32DCE050BE40906FD1 /* Pods-swiftLearnTests.debug.xcconfig */ = {isa = PBXFileReference; includeInIndex = 1; lastKnownFileType = text.xcconfig; name = "Pods-swiftLearnTests.debug.xcconfig"; path = "Target Support Files/Pods-swiftLearnTests/Pods-swiftLearnTests.debug.xcconfig"; sourceTree = "<group>"; };
		5E2B571858C9D9199C281BEF /* Pods-swiftLearn.release.xcconfig */ = {isa = PBXFileReference; includeInIndex = 1; lastKnownFileType = text.xcconfig; name = "Pods-swiftLearn.release.xcconfig"; path = "Target Support Files/Pods-swiftLearn/Pods-swiftLearn.release.xcconfig"; sourceTree = "<group>"; };
		D369D7A1529890201D15AECC /* Pods-swiftLearn-swiftLearnUITests.debug.xcconfig */ = {isa = PBXFileReference; includeInIndex = 1; lastKnownFileType = text.xcconfig; name = "Pods-swiftLearn-swiftLearnUITests.debug.xcconfig"; path = "Target Support Files/Pods-swiftLearn-swiftLearnUITests/Pods-swiftLearn-swiftLearnUITests.debug.xcconfig"; sourceTree = "<group>"; };
		ECB5A65C1721E0364FD7DB16 /* Pods_swiftLearn_swiftLearnUITests.framework */ = {isa = PBXFileReference; explicitFileType = wrapper.framework; includeInIndex = 0; path = Pods_swiftLearn_swiftLearnUITests.framework; sourceTree = BUILT_PRODUCTS_DIR; };
		F0F20F7CFA4ADD786E96D843 /* Pods_swiftLearn.framework */ = {isa = PBXFileReference; explicitFileType = wrapper.framework; includeInIndex = 0; path = Pods_swiftLearn.framework; sourceTree = BUILT_PRODUCTS_DIR; };
/* End PBXFileReference section */

/* Begin PBXFrameworksBuildPhase section */
		4B35C16926609A6600B700A3 /* Frameworks */ = {
			isa = PBXFrameworksBuildPhase;
			buildActionMask = 2147483647;
			files = (
				9166D4CA1BA22CCB6E6DE551 /* Pods_swiftLearn.framework in Frameworks */,
			);
			runOnlyForDeploymentPostprocessing = 0;
		};
		4B35C17F26609A9300B700A3 /* Frameworks */ = {
			isa = PBXFrameworksBuildPhase;
			buildActionMask = 2147483647;
			files = (
				FAF6121AFB85510E1F82596F /* Pods_swiftLearnTests.framework in Frameworks */,
			);
			runOnlyForDeploymentPostprocessing = 0;
		};
		4B35C18A26609A9400B700A3 /* Frameworks */ = {
			isa = PBXFrameworksBuildPhase;
			buildActionMask = 2147483647;
			files = (
				A311AECEA559D4C6B27EE48F /* Pods_swiftLearn_swiftLearnUITests.framework in Frameworks */,
			);
			runOnlyForDeploymentPostprocessing = 0;
		};
/* End PBXFrameworksBuildPhase section */

/* Begin PBXGroup section */
		4B35C16326609A6500B700A3 = {
			isa = PBXGroup;
			children = (
				4B35C16E26609A6700B700A3 /* swiftLearn */,
				4B35C18526609A9400B700A3 /* swiftLearnTests */,
				4B35C19026609A9400B700A3 /* swiftLearnUITests */,
				4B35C16D26609A6600B700A3 /* Products */,
				E88102606E772193C05F5787 /* Pods */,
				D402786095553ECFE0924949 /* Frameworks */,
			);
			sourceTree = "<group>";
		};
		4B35C16D26609A6600B700A3 /* Products */ = {
			isa = PBXGroup;
			children = (
				4B35C16C26609A6600B700A3 /* swiftLearn.app */,
				4B35C18226609A9300B700A3 /* swiftLearnTests.xctest */,
				4B35C18D26609A9400B700A3 /* swiftLearnUITests.xctest */,
			);
			name = Products;
			sourceTree = "<group>";
		};
		4B35C16E26609A6700B700A3 /* swiftLearn */ = {
			isa = PBXGroup;
			children = (
				4BC1351E267C3891001E27D3 /* Base */,
				4BC134F1267AE498001E27D3 /* Model */,
				4BC134F0267AE486001E27D3 /* Component */,
				4BC134EF267AE44B001E27D3 /* ViewController */,
				4B35C16F26609A6700B700A3 /* AppDelegate.swift */,
				4B35C17126609A6800B700A3 /* SceneDelegate.swift */,
				4B35C17826609A9200B700A3 /* Assets.xcassets */,
				4B35C17A26609A9200B700A3 /* LaunchScreen.storyboard */,
				4B35C17D26609A9200B700A3 /* Info.plist */,
			);
			path = swiftLearn;
			sourceTree = "<group>";
		};
		4B35C18526609A9400B700A3 /* swiftLearnTests */ = {
			isa = PBXGroup;
			children = (
				4B35C18626609A9400B700A3 /* swiftLearnTests.swift */,
				4B35C18826609A9400B700A3 /* Info.plist */,
			);
			path = swiftLearnTests;
			sourceTree = "<group>";
		};
		4B35C19026609A9400B700A3 /* swiftLearnUITests */ = {
			isa = PBXGroup;
			children = (
				4B35C19126609A9400B700A3 /* swiftLearnUITests.swift */,
				4B35C19326609A9400B700A3 /* Info.plist */,
			);
			path = swiftLearnUITests;
			sourceTree = "<group>";
		};
		4BC134EF267AE44B001E27D3 /* ViewController */ = {
			isa = PBXGroup;
			children = (
				4B35C17326609A6800B700A3 /* ViewController.swift */,
				4BC13502267AE59D001E27D3 /* SLTabBarViewController.swift */,
				4BC13507267AED98001E27D3 /* MineViewController.swift */,
				4BC1350C267AEE16001E27D3 /* DiscoverViewController.swift */,
				4BC13514267AEE25001E27D3 /* HomeViewController.swift */,
			);
			path = ViewController;
			sourceTree = "<group>";
		};
		4BC134F0267AE486001E27D3 /* Component */ = {
			isa = PBXGroup;
			children = (
				4BC13519267AF753001E27D3 /* BannerView.swift */,
			);
			path = Component;
			sourceTree = "<group>";
		};
		4BC134F1267AE498001E27D3 /* Model */ = {
			isa = PBXGroup;
			children = (
			);
			path = Model;
			sourceTree = "<group>";
		};
		4BC1351E267C3891001E27D3 /* Base */ = {
			isa = PBXGroup;
			children = (
				4BC134F2267AE51A001E27D3 /* BaseViewController.swift */,
				4BC1351F267C38BC001E27D3 /* RequestManage.swift */,
			);
			path = Base;
			sourceTree = "<group>";
		};
		D402786095553ECFE0924949 /* Frameworks */ = {
			isa = PBXGroup;
			children = (
				F0F20F7CFA4ADD786E96D843 /* Pods_swiftLearn.framework */,
				ECB5A65C1721E0364FD7DB16 /* Pods_swiftLearn_swiftLearnUITests.framework */,
				247ACE8C664C5645B6B921D4 /* Pods_swiftLearnTests.framework */,
			);
			name = Frameworks;
			sourceTree = "<group>";
		};
		E88102606E772193C05F5787 /* Pods */ = {
			isa = PBXGroup;
			children = (
				03A49E551A74AD239C64B305 /* Pods-swiftLearn.debug.xcconfig */,
				5E2B571858C9D9199C281BEF /* Pods-swiftLearn.release.xcconfig */,
				D369D7A1529890201D15AECC /* Pods-swiftLearn-swiftLearnUITests.debug.xcconfig */,
				1BC86848EC4D8CFD01AAF9B6 /* Pods-swiftLearn-swiftLearnUITests.release.xcconfig */,
				56037E32DCE050BE40906FD1 /* Pods-swiftLearnTests.debug.xcconfig */,
				439CAD5FC2DF95452B550689 /* Pods-swiftLearnTests.release.xcconfig */,
			);
			path = Pods;
			sourceTree = "<group>";
		};
/* End PBXGroup section */

/* Begin PBXNativeTarget section */
		4B35C16B26609A6600B700A3 /* swiftLearn */ = {
			isa = PBXNativeTarget;
			buildConfigurationList = 4B35C19626609A9400B700A3 /* Build configuration list for PBXNativeTarget "swiftLearn" */;
			buildPhases = (
				4A6BAB538DFE57D8561948ED /* [CP] Check Pods Manifest.lock */,
				4B35C16826609A6600B700A3 /* Sources */,
				4B35C16926609A6600B700A3 /* Frameworks */,
				4B35C16A26609A6600B700A3 /* Resources */,
				33576B8FC3DEC2AAC944A183 /* [CP] Embed Pods Frameworks */,
			);
			buildRules = (
			);
			dependencies = (
			);
			name = swiftLearn;
			productName = swiftLearn;
			productReference = 4B35C16C26609A6600B700A3 /* swiftLearn.app */;
			productType = "com.apple.product-type.application";
		};
		4B35C18126609A9300B700A3 /* swiftLearnTests */ = {
			isa = PBXNativeTarget;
			buildConfigurationList = 4B35C19926609A9400B700A3 /* Build configuration list for PBXNativeTarget "swiftLearnTests" */;
			buildPhases = (
				ECF093F1B689C274AB81A46C /* [CP] Check Pods Manifest.lock */,
				4B35C17E26609A9300B700A3 /* Sources */,
				4B35C17F26609A9300B700A3 /* Frameworks */,
				4B35C18026609A9300B700A3 /* Resources */,
			);
			buildRules = (
			);
			dependencies = (
				4B35C18426609A9300B700A3 /* PBXTargetDependency */,
			);
			name = swiftLearnTests;
			productName = swiftLearnTests;
			productReference = 4B35C18226609A9300B700A3 /* swiftLearnTests.xctest */;
			productType = "com.apple.product-type.bundle.unit-test";
		};
		4B35C18C26609A9400B700A3 /* swiftLearnUITests */ = {
			isa = PBXNativeTarget;
			buildConfigurationList = 4B35C19C26609A9400B700A3 /* Build configuration list for PBXNativeTarget "swiftLearnUITests" */;
			buildPhases = (
				0FF9353B267FF2A605A9B5BE /* [CP] Check Pods Manifest.lock */,
				4B35C18926609A9400B700A3 /* Sources */,
				4B35C18A26609A9400B700A3 /* Frameworks */,
				4B35C18B26609A9400B700A3 /* Resources */,
				7BB41A0EDAF0CBD7CAF0E71C /* [CP] Embed Pods Frameworks */,
			);
			buildRules = (
			);
			dependencies = (
				4B35C18F26609A9400B700A3 /* PBXTargetDependency */,
			);
			name = swiftLearnUITests;
			productName = swiftLearnUITests;
			productReference = 4B35C18D26609A9400B700A3 /* swiftLearnUITests.xctest */;
			productType = "com.apple.product-type.bundle.ui-testing";
		};
/* End PBXNativeTarget section */

/* Begin PBXProject section */
		4B35C16426609A6500B700A3 /* Project object */ = {
			isa = PBXProject;
			attributes = {
				LastSwiftUpdateCheck = 1240;
				LastUpgradeCheck = 1240;
				TargetAttributes = {
					4B35C16B26609A6600B700A3 = {
						CreatedOnToolsVersion = 12.4;
					};
					4B35C18126609A9300B700A3 = {
						CreatedOnToolsVersion = 12.4;
						TestTargetID = 4B35C16B26609A6600B700A3;
					};
					4B35C18C26609A9400B700A3 = {
						CreatedOnToolsVersion = 12.4;
						TestTargetID = 4B35C16B26609A6600B700A3;
					};
				};
			};
			buildConfigurationList = 4B35C16726609A6500B700A3 /* Build configuration list for PBXProject "swiftLearn" */;
			compatibilityVersion = "Xcode 9.3";
			developmentRegion = en;
			hasScannedForEncodings = 0;
			knownRegions = (
				en,
				Base,
			);
			mainGroup = 4B35C16326609A6500B700A3;
			productRefGroup = 4B35C16D26609A6600B700A3 /* Products */;
			projectDirPath = "";
			projectRoot = "";
			targets = (
				4B35C16B26609A6600B700A3 /* swiftLearn */,
				4B35C18126609A9300B700A3 /* swiftLearnTests */,
				4B35C18C26609A9400B700A3 /* swiftLearnUITests */,
			);
		};
/* End PBXProject section */

/* Begin PBXResourcesBuildPhase section */
		4B35C16A26609A6600B700A3 /* Resources */ = {
			isa = PBXResourcesBuildPhase;
			buildActionMask = 2147483647;
			files = (
				4B35C17C26609A9200B700A3 /* LaunchScreen.storyboard in Resources */,
				4B35C17926609A9200B700A3 /* Assets.xcassets in Resources */,
			);
			runOnlyForDeploymentPostprocessing = 0;
		};
		4B35C18026609A9300B700A3 /* Resources */ = {
			isa = PBXResourcesBuildPhase;
			buildActionMask = 2147483647;
			files = (
			);
			runOnlyForDeploymentPostprocessing = 0;
		};
		4B35C18B26609A9400B700A3 /* Resources */ = {
			isa = PBXResourcesBuildPhase;
			buildActionMask = 2147483647;
			files = (
			);
			runOnlyForDeploymentPostprocessing = 0;
		};
/* End PBXResourcesBuildPhase section */

/* Begin PBXShellScriptBuildPhase section */
		0FF9353B267FF2A605A9B5BE /* [CP] Check Pods Manifest.lock */ = {
			isa = PBXShellScriptBuildPhase;
			buildActionMask = 2147483647;
			files = (
			);
			inputFileListPaths = (
			);
			inputPaths = (
				"${PODS_PODFILE_DIR_PATH}/Podfile.lock",
				"${PODS_ROOT}/Manifest.lock",
			);
			name = "[CP] Check Pods Manifest.lock";
			outputFileListPaths = (
			);
			outputPaths = (
				"$(DERIVED_FILE_DIR)/Pods-swiftLearn-swiftLearnUITests-checkManifestLockResult.txt",
			);
			runOnlyForDeploymentPostprocessing = 0;
			shellPath = /bin/sh;
			shellScript = "diff \"${PODS_PODFILE_DIR_PATH}/Podfile.lock\" \"${PODS_ROOT}/Manifest.lock\" > /dev/null\nif [ $? != 0 ] ; then\n    # print error to STDERR\n    echo \"error: The sandbox is not in sync with the Podfile.lock. Run 'pod install' or update your CocoaPods installation.\" >&2\n    exit 1\nfi\n# This output is used by Xcode 'outputs' to avoid re-running this script phase.\necho \"SUCCESS\" > \"${SCRIPT_OUTPUT_FILE_0}\"\n";
			showEnvVarsInLog = 0;
		};
		33576B8FC3DEC2AAC944A183 /* [CP] Embed Pods Frameworks */ = {
			isa = PBXShellScriptBuildPhase;
			buildActionMask = 2147483647;
			files = (
			);
			inputFileListPaths = (
				"${PODS_ROOT}/Target Support Files/Pods-swiftLearn/Pods-swiftLearn-frameworks-${CONFIGURATION}-input-files.xcfilelist",
			);
			name = "[CP] Embed Pods Frameworks";
			outputFileListPaths = (
				"${PODS_ROOT}/Target Support Files/Pods-swiftLearn/Pods-swiftLearn-frameworks-${CONFIGURATION}-output-files.xcfilelist",
			);
			runOnlyForDeploymentPostprocessing = 0;
			shellPath = /bin/sh;
			shellScript = "\"${PODS_ROOT}/Target Support Files/Pods-swiftLearn/Pods-swiftLearn-frameworks.sh\"\n";
			showEnvVarsInLog = 0;
		};
		4A6BAB538DFE57D8561948ED /* [CP] Check Pods Manifest.lock */ = {
			isa = PBXShellScriptBuildPhase;
			buildActionMask = 2147483647;
			files = (
			);
			inputFileListPaths = (
			);
			inputPaths = (
				"${PODS_PODFILE_DIR_PATH}/Podfile.lock",
				"${PODS_ROOT}/Manifest.lock",
			);
			name = "[CP] Check Pods Manifest.lock";
			outputFileListPaths = (
			);
			outputPaths = (
				"$(DERIVED_FILE_DIR)/Pods-swiftLearn-checkManifestLockResult.txt",
			);
			runOnlyForDeploymentPostprocessing = 0;
			shellPath = /bin/sh;
			shellScript = "diff \"${PODS_PODFILE_DIR_PATH}/Podfile.lock\" \"${PODS_ROOT}/Manifest.lock\" > /dev/null\nif [ $? != 0 ] ; then\n    # print error to STDERR\n    echo \"error: The sandbox is not in sync with the Podfile.lock. Run 'pod install' or update your CocoaPods installation.\" >&2\n    exit 1\nfi\n# This output is used by Xcode 'outputs' to avoid re-running this script phase.\necho \"SUCCESS\" > \"${SCRIPT_OUTPUT_FILE_0}\"\n";
			showEnvVarsInLog = 0;
		};
		7BB41A0EDAF0CBD7CAF0E71C /* [CP] Embed Pods Frameworks */ = {
			isa = PBXShellScriptBuildPhase;
			buildActionMask = 2147483647;
			files = (
			);
			inputFileListPaths = (
				"${PODS_ROOT}/Target Support Files/Pods-swiftLearn-swiftLearnUITests/Pods-swiftLearn-swiftLearnUITests-frameworks-${CONFIGURATION}-input-files.xcfilelist",
			);
			name = "[CP] Embed Pods Frameworks";
			outputFileListPaths = (
				"${PODS_ROOT}/Target Support Files/Pods-swiftLearn-swiftLearnUITests/Pods-swiftLearn-swiftLearnUITests-frameworks-${CONFIGURATION}-output-files.xcfilelist",
			);
			runOnlyForDeploymentPostprocessing = 0;
			shellPath = /bin/sh;
			shellScript = "\"${PODS_ROOT}/Target Support Files/Pods-swiftLearn-swiftLearnUITests/Pods-swiftLearn-swiftLearnUITests-frameworks.sh\"\n";
			showEnvVarsInLog = 0;
		};
		ECF093F1B689C274AB81A46C /* [CP] Check Pods Manifest.lock */ = {
			isa = PBXShellScriptBuildPhase;
			buildActionMask = 2147483647;
			files = (
			);
			inputFileListPaths = (
			);
			inputPaths = (
				"${PODS_PODFILE_DIR_PATH}/Podfile.lock",
				"${PODS_ROOT}/Manifest.lock",
			);
			name = "[CP] Check Pods Manifest.lock";
			outputFileListPaths = (
			);
			outputPaths = (
				"$(DERIVED_FILE_DIR)/Pods-swiftLearnTests-checkManifestLockResult.txt",
			);
			runOnlyForDeploymentPostprocessing = 0;
			shellPath = /bin/sh;
			shellScript = "diff \"${PODS_PODFILE_DIR_PATH}/Podfile.lock\" \"${PODS_ROOT}/Manifest.lock\" > /dev/null\nif [ $? != 0 ] ; then\n    # print error to STDERR\n    echo \"error: The sandbox is not in sync with the Podfile.lock. Run 'pod install' or update your CocoaPods installation.\" >&2\n    exit 1\nfi\n# This output is used by Xcode 'outputs' to avoid re-running this script phase.\necho \"SUCCESS\" > \"${SCRIPT_OUTPUT_FILE_0}\"\n";
			showEnvVarsInLog = 0;
		};
/* End PBXShellScriptBuildPhase section */

/* Begin PBXSourcesBuildPhase section */
		4B35C16826609A6600B700A3 /* Sources */ = {
			isa = PBXSourcesBuildPhase;
			buildActionMask = 2147483647;
			files = (
				4B35C17426609A6800B700A3 /* ViewController.swift in Sources */,
				4BC13508267AED98001E27D3 /* MineViewController.swift in Sources */,
				4BC1350D267AEE16001E27D3 /* DiscoverViewController.swift in Sources */,
				4BC13515267AEE25001E27D3 /* HomeViewController.swift in Sources */,
				4BC13520267C38BC001E27D3 /* RequestManage.swift in Sources */,
				4BC134F3267AE51A001E27D3 /* BaseViewController.swift in Sources */,
				4BC1351A267AF753001E27D3 /* BannerView.swift in Sources */,
				4B35C17026609A6800B700A3 /* AppDelegate.swift in Sources */,
				4B35C17226609A6800B700A3 /* SceneDelegate.swift in Sources */,
				4BC13503267AE59D001E27D3 /* SLTabBarViewController.swift in Sources */,
			);
			runOnlyForDeploymentPostprocessing = 0;
		};
		4B35C17E26609A9300B700A3 /* Sources */ = {
			isa = PBXSourcesBuildPhase;
			buildActionMask = 2147483647;
			files = (
				4B35C18726609A9400B700A3 /* swiftLearnTests.swift in Sources */,
			);
			runOnlyForDeploymentPostprocessing = 0;
		};
		4B35C18926609A9400B700A3 /* Sources */ = {
			isa = PBXSourcesBuildPhase;
			buildActionMask = 2147483647;
			files = (
				4B35C19226609A9400B700A3 /* swiftLearnUITests.swift in Sources */,
			);
			runOnlyForDeploymentPostprocessing = 0;
		};
/* End PBXSourcesBuildPhase section */

/* Begin PBXTargetDependency section */
		4B35C18426609A9300B700A3 /* PBXTargetDependency */ = {
			isa = PBXTargetDependency;
			target = 4B35C16B26609A6600B700A3 /* swiftLearn */;
			targetProxy = 4B35C18326609A9300B700A3 /* PBXContainerItemProxy */;
		};
		4B35C18F26609A9400B700A3 /* PBXTargetDependency */ = {
			isa = PBXTargetDependency;
			target = 4B35C16B26609A6600B700A3 /* swiftLearn */;
			targetProxy = 4B35C18E26609A9400B700A3 /* PBXContainerItemProxy */;
		};
/* End PBXTargetDependency section */

/* Begin PBXVariantGroup section */
		4B35C17A26609A9200B700A3 /* LaunchScreen.storyboard */ = {
			isa = PBXVariantGroup;
			children = (
				4B35C17B26609A9200B700A3 /* Base */,
			);
			name = LaunchScreen.storyboard;
			sourceTree = "<group>";
		};
/* End PBXVariantGroup section */

/* Begin XCBuildConfiguration section */
		4B35C19426609A9400B700A3 /* Debug */ = {
			isa = XCBuildConfiguration;
			buildSettings = {
				ALWAYS_SEARCH_USER_PATHS = NO;
				CLANG_ANALYZER_NONNULL = YES;
				CLANG_ANALYZER_NUMBER_OBJECT_CONVERSION = YES_AGGRESSIVE;
				CLANG_CXX_LANGUAGE_STANDARD = "gnu++14";
				CLANG_CXX_LIBRARY = "libc++";
				CLANG_ENABLE_MODULES = YES;
				CLANG_ENABLE_OBJC_ARC = YES;
				CLANG_ENABLE_OBJC_WEAK = YES;
				CLANG_WARN_BLOCK_CAPTURE_AUTORELEASING = YES;
				CLANG_WARN_BOOL_CONVERSION = YES;
				CLANG_WARN_COMMA = YES;
				CLANG_WARN_CONSTANT_CONVERSION = YES;
				CLANG_WARN_DEPRECATED_OBJC_IMPLEMENTATIONS = YES;
				CLANG_WARN_DIRECT_OBJC_ISA_USAGE = YES_ERROR;
				CLANG_WARN_DOCUMENTATION_COMMENTS = YES;
				CLANG_WARN_EMPTY_BODY = YES;
				CLANG_WARN_ENUM_CONVERSION = YES;
				CLANG_WARN_INFINITE_RECURSION = YES;
				CLANG_WARN_INT_CONVERSION = YES;
				CLANG_WARN_NON_LITERAL_NULL_CONVERSION = YES;
				CLANG_WARN_OBJC_IMPLICIT_RETAIN_SELF = YES;
				CLANG_WARN_OBJC_LITERAL_CONVERSION = YES;
				CLANG_WARN_OBJC_ROOT_CLASS = YES_ERROR;
				CLANG_WARN_QUOTED_INCLUDE_IN_FRAMEWORK_HEADER = YES;
				CLANG_WARN_RANGE_LOOP_ANALYSIS = YES;
				CLANG_WARN_STRICT_PROTOTYPES = YES;
				CLANG_WARN_SUSPICIOUS_MOVE = YES;
				CLANG_WARN_UNGUARDED_AVAILABILITY = YES_AGGRESSIVE;
				CLANG_WARN_UNREACHABLE_CODE = YES;
				CLANG_WARN__DUPLICATE_METHOD_MATCH = YES;
				COPY_PHASE_STRIP = NO;
				DEBUG_INFORMATION_FORMAT = dwarf;
				ENABLE_STRICT_OBJC_MSGSEND = YES;
				ENABLE_TESTABILITY = YES;
				GCC_C_LANGUAGE_STANDARD = gnu11;
				GCC_DYNAMIC_NO_PIC = NO;
				GCC_NO_COMMON_BLOCKS = YES;
				GCC_OPTIMIZATION_LEVEL = 0;
				GCC_PREPROCESSOR_DEFINITIONS = (
					"DEBUG=1",
					"$(inherited)",
				);
				GCC_WARN_64_TO_32_BIT_CONVERSION = YES;
				GCC_WARN_ABOUT_RETURN_TYPE = YES_ERROR;
				GCC_WARN_UNDECLARED_SELECTOR = YES;
				GCC_WARN_UNINITIALIZED_AUTOS = YES_AGGRESSIVE;
				GCC_WARN_UNUSED_FUNCTION = YES;
				GCC_WARN_UNUSED_VARIABLE = YES;
				IPHONEOS_DEPLOYMENT_TARGET = 14.4;
				MTL_ENABLE_DEBUG_INFO = INCLUDE_SOURCE;
				MTL_FAST_MATH = YES;
				ONLY_ACTIVE_ARCH = YES;
				SDKROOT = iphoneos;
				SWIFT_ACTIVE_COMPILATION_CONDITIONS = DEBUG;
				SWIFT_OPTIMIZATION_LEVEL = "-Onone";
			};
			name = Debug;
		};
		4B35C19526609A9400B700A3 /* Release */ = {
			isa = XCBuildConfiguration;
			buildSettings = {
				ALWAYS_SEARCH_USER_PATHS = NO;
				CLANG_ANALYZER_NONNULL = YES;
				CLANG_ANALYZER_NUMBER_OBJECT_CONVERSION = YES_AGGRESSIVE;
				CLANG_CXX_LANGUAGE_STANDARD = "gnu++14";
				CLANG_CXX_LIBRARY = "libc++";
				CLANG_ENABLE_MODULES = YES;
				CLANG_ENABLE_OBJC_ARC = YES;
				CLANG_ENABLE_OBJC_WEAK = YES;
				CLANG_WARN_BLOCK_CAPTURE_AUTORELEASING = YES;
				CLANG_WARN_BOOL_CONVERSION = YES;
				CLANG_WARN_COMMA = YES;
				CLANG_WARN_CONSTANT_CONVERSION = YES;
				CLANG_WARN_DEPRECATED_OBJC_IMPLEMENTATIONS = YES;
				CLANG_WARN_DIRECT_OBJC_ISA_USAGE = YES_ERROR;
				CLANG_WARN_DOCUMENTATION_COMMENTS = YES;
				CLANG_WARN_EMPTY_BODY = YES;
				CLANG_WARN_ENUM_CONVERSION = YES;
				CLANG_WARN_INFINITE_RECURSION = YES;
				CLANG_WARN_INT_CONVERSION = YES;
				CLANG_WARN_NON_LITERAL_NULL_CONVERSION = YES;
				CLANG_WARN_OBJC_IMPLICIT_RETAIN_SELF = YES;
				CLANG_WARN_OBJC_LITERAL_CONVERSION = YES;
				CLANG_WARN_OBJC_ROOT_CLASS = YES_ERROR;
				CLANG_WARN_QUOTED_INCLUDE_IN_FRAMEWORK_HEADER = YES;
				CLANG_WARN_RANGE_LOOP_ANALYSIS = YES;
				CLANG_WARN_STRICT_PROTOTYPES = YES;
				CLANG_WARN_SUSPICIOUS_MOVE = YES;
				CLANG_WARN_UNGUARDED_AVAILABILITY = YES_AGGRESSIVE;
				CLANG_WARN_UNREACHABLE_CODE = YES;
				CLANG_WARN__DUPLICATE_METHOD_MATCH = YES;
				COPY_PHASE_STRIP = NO;
				DEBUG_INFORMATION_FORMAT = "dwarf-with-dsym";
				ENABLE_NS_ASSERTIONS = NO;
				ENABLE_STRICT_OBJC_MSGSEND = YES;
				GCC_C_LANGUAGE_STANDARD = gnu11;
				GCC_NO_COMMON_BLOCKS = YES;
				GCC_WARN_64_TO_32_BIT_CONVERSION = YES;
				GCC_WARN_ABOUT_RETURN_TYPE = YES_ERROR;
				GCC_WARN_UNDECLARED_SELECTOR = YES;
				GCC_WARN_UNINITIALIZED_AUTOS = YES_AGGRESSIVE;
				GCC_WARN_UNUSED_FUNCTION = YES;
				GCC_WARN_UNUSED_VARIABLE = YES;
				IPHONEOS_DEPLOYMENT_TARGET = 14.4;
				MTL_ENABLE_DEBUG_INFO = NO;
				MTL_FAST_MATH = YES;
				SDKROOT = iphoneos;
				SWIFT_COMPILATION_MODE = wholemodule;
				SWIFT_OPTIMIZATION_LEVEL = "-O";
				VALIDATE_PRODUCT = YES;
			};
			name = Release;
		};
		4B35C19726609A9400B700A3 /* Debug */ = {
			isa = XCBuildConfiguration;
			baseConfigurationReference = 03A49E551A74AD239C64B305 /* Pods-swiftLearn.debug.xcconfig */;
			buildSettings = {
				ASSETCATALOG_COMPILER_APPICON_NAME = AppIcon;
				ASSETCATALOG_COMPILER_GLOBAL_ACCENT_COLOR_NAME = AccentColor;
				CODE_SIGN_STYLE = Automatic;
				INFOPLIST_FILE = swiftLearn/Info.plist;
				LD_RUNPATH_SEARCH_PATHS = (
					"$(inherited)",
					"@executable_path/Frameworks",
				);
				PRODUCT_BUNDLE_IDENTIFIER = com.lj.swiftLearn;
				PRODUCT_NAME = "$(TARGET_NAME)";
				SWIFT_VERSION = 5.0;
				TARGETED_DEVICE_FAMILY = "1,2";
			};
			name = Debug;
		};
		4B35C19826609A9400B700A3 /* Release */ = {
			isa = XCBuildConfiguration;
			baseConfigurationReference = 5E2B571858C9D9199C281BEF /* Pods-swiftLearn.release.xcconfig */;
			buildSettings = {
				ASSETCATALOG_COMPILER_APPICON_NAME = AppIcon;
				ASSETCATALOG_COMPILER_GLOBAL_ACCENT_COLOR_NAME = AccentColor;
				CODE_SIGN_STYLE = Automatic;
				INFOPLIST_FILE = swiftLearn/Info.plist;
				LD_RUNPATH_SEARCH_PATHS = (
					"$(inherited)",
					"@executable_path/Frameworks",
				);
				PRODUCT_BUNDLE_IDENTIFIER = com.lj.swiftLearn;
				PRODUCT_NAME = "$(TARGET_NAME)";
				SWIFT_VERSION = 5.0;
				TARGETED_DEVICE_FAMILY = "1,2";
			};
			name = Release;
		};
		4B35C19A26609A9400B700A3 /* Debug */ = {
			isa = XCBuildConfiguration;
			baseConfigurationReference = 56037E32DCE050BE40906FD1 /* Pods-swiftLearnTests.debug.xcconfig */;
			buildSettings = {
				ALWAYS_EMBED_SWIFT_STANDARD_LIBRARIES = YES;
				BUNDLE_LOADER = "$(TEST_HOST)";
				CODE_SIGN_STYLE = Automatic;
				INFOPLIST_FILE = swiftLearnTests/Info.plist;
				IPHONEOS_DEPLOYMENT_TARGET = 14.4;
				LD_RUNPATH_SEARCH_PATHS = (
					"$(inherited)",
					"@executable_path/Frameworks",
					"@loader_path/Frameworks",
				);
				PRODUCT_BUNDLE_IDENTIFIER = com.lj.swiftLearnTests;
				PRODUCT_NAME = "$(TARGET_NAME)";
				SWIFT_VERSION = 5.0;
				TARGETED_DEVICE_FAMILY = "1,2";
				TEST_HOST = "$(BUILT_PRODUCTS_DIR)/swiftLearn.app/swiftLearn";
			};
			name = Debug;
		};
		4B35C19B26609A9400B700A3 /* Release */ = {
			isa = XCBuildConfiguration;
			baseConfigurationReference = 439CAD5FC2DF95452B550689 /* Pods-swiftLearnTests.release.xcconfig */;
			buildSettings = {
				ALWAYS_EMBED_SWIFT_STANDARD_LIBRARIES = YES;
				BUNDLE_LOADER = "$(TEST_HOST)";
				CODE_SIGN_STYLE = Automatic;
				INFOPLIST_FILE = swiftLearnTests/Info.plist;
				IPHONEOS_DEPLOYMENT_TARGET = 14.4;
				LD_RUNPATH_SEARCH_PATHS = (
					"$(inherited)",
					"@executable_path/Frameworks",
					"@loader_path/Frameworks",
				);
				PRODUCT_BUNDLE_IDENTIFIER = com.lj.swiftLearnTests;
				PRODUCT_NAME = "$(TARGET_NAME)";
				SWIFT_VERSION = 5.0;
				TARGETED_DEVICE_FAMILY = "1,2";
				TEST_HOST = "$(BUILT_PRODUCTS_DIR)/swiftLearn.app/swiftLearn";
			};
			name = Release;
		};
		4B35C19D26609A9400B700A3 /* Debug */ = {
			isa = XCBuildConfiguration;
			baseConfigurationReference = D369D7A1529890201D15AECC /* Pods-swiftLearn-swiftLearnUITests.debug.xcconfig */;
			buildSettings = {
				ALWAYS_EMBED_SWIFT_STANDARD_LIBRARIES = YES;
				CODE_SIGN_STYLE = Automatic;
				INFOPLIST_FILE = swiftLearnUITests/Info.plist;
				LD_RUNPATH_SEARCH_PATHS = (
					"$(inherited)",
					"@executable_path/Frameworks",
					"@loader_path/Frameworks",
				);
				PRODUCT_BUNDLE_IDENTIFIER = com.lj.swiftLearnUITests;
				PRODUCT_NAME = "$(TARGET_NAME)";
				SWIFT_VERSION = 5.0;
				TARGETED_DEVICE_FAMILY = "1,2";
				TEST_TARGET_NAME = swiftLearn;
			};
			name = Debug;
		};
		4B35C19E26609A9400B700A3 /* Release */ = {
			isa = XCBuildConfiguration;
			baseConfigurationReference = 1BC86848EC4D8CFD01AAF9B6 /* Pods-swiftLearn-swiftLearnUITests.release.xcconfig */;
			buildSettings = {
				ALWAYS_EMBED_SWIFT_STANDARD_LIBRARIES = YES;
				CODE_SIGN_STYLE = Automatic;
				INFOPLIST_FILE = swiftLearnUITests/Info.plist;
				LD_RUNPATH_SEARCH_PATHS = (
					"$(inherited)",
					"@executable_path/Frameworks",
					"@loader_path/Frameworks",
				);
				PRODUCT_BUNDLE_IDENTIFIER = com.lj.swiftLearnUITests;
				PRODUCT_NAME = "$(TARGET_NAME)";
				SWIFT_VERSION = 5.0;
				TARGETED_DEVICE_FAMILY = "1,2";
				TEST_TARGET_NAME = swiftLearn;
			};
			name = Release;
		};
/* End XCBuildConfiguration section */

/* Begin XCConfigurationList section */
		4B35C16726609A6500B700A3 /* Build configuration list for PBXProject "swiftLearn" */ = {
			isa = XCConfigurationList;
			buildConfigurations = (
				4B35C19426609A9400B700A3 /* Debug */,
				4B35C19526609A9400B700A3 /* Release */,
			);
			defaultConfigurationIsVisible = 0;
			defaultConfigurationName = Release;
		};
		4B35C19626609A9400B700A3 /* Build configuration list for PBXNativeTarget "swiftLearn" */ = {
			isa = XCConfigurationList;
			buildConfigurations = (
				4B35C19726609A9400B700A3 /* Debug */,
				4B35C19826609A9400B700A3 /* Release */,
			);
			defaultConfigurationIsVisible = 0;
			defaultConfigurationName = Release;
		};
		4B35C19926609A9400B700A3 /* Build configuration list for PBXNativeTarget "swiftLearnTests" */ = {
			isa = XCConfigurationList;
			buildConfigurations = (
				4B35C19A26609A9400B700A3 /* Debug */,
				4B35C19B26609A9400B700A3 /* Release */,
			);
			defaultConfigurationIsVisible = 0;
			defaultConfigurationName = Release;
		};
		4B35C19C26609A9400B700A3 /* Build configuration list for PBXNativeTarget "swiftLearnUITests" */ = {
			isa = XCConfigurationList;
			buildConfigurations = (
				4B35C19D26609A9400B700A3 /* Debug */,
				4B35C19E26609A9400B700A3 /* Release */,
			);
			defaultConfigurationIsVisible = 0;
			defaultConfigurationName = Release;
		};
/* End XCConfigurationList section */
	};
	rootObject = 4B35C16426609A6500B700A3 /* Project object */;
}
